lockfileVersion: 5.4

specifiers:
  '@nestjs/common': ^9.2.0

dependencies:
  '@nestjs/common': 9.2.0

packages:

  /@nestjs/common/9.2.0:
    resolution: {integrity: sha512-Ndcqak/ETYi+n1c5lFRPbxKLyUuM6DIOxcvfEFGfi0f6ad4dWDXRDx7z/n8V0l8+Y8djvvOHgf3t0e93w963Qg==}
    peerDependencies:
      cache-manager: <=5
      class-transformer: '*'
      class-validator: '*'
      reflect-metadata: ^0.1.12
      rxjs: ^7.1.0
    peerDependenciesMeta:
      cache-manager:
        optional: true
      class-transformer:
        optional: true
      class-validator:
        optional: true
    dependencies:
      iterare: 1.2.1
      tslib: 2.4.1
      uuid: 9.0.0
    dev: false

  /iterare/1.2.1:
    resolution: {integrity: sha512-RKYVTCjAnRthyJes037NX/IiqeidgN1xc3j1RjFfECFp28A1GVwK9nA+i0rJPaHqSZwygLzRnFlzUuHFoWWy+Q==}
    engines: {node: '>=6'}
    dev: false

  /tslib/2.4.1:
    resolution: {integrity: sha512-tGyy4dAjRIEwI7BzsB0lynWgOpfqjUdq91XXAlIWD2OwKBH7oCl/GZG/HT4BOHrTlPMOASlMQ7veyTqpmRcrNA==}
    dev: false

  /uuid/9.0.0:
    resolution: {integrity: sha512-MXcSTerfPa4uqyzStbRoTgt5XIe3x5+42+q1sDuy3R5MDk66URdLMOZe5aPX/SQd+kuYAh0FdP/pO28IkQyTeg==}
    hasBin: true
    dev: false
